
Microsoft Visual Studio Solution File, Format Version 12.00
# Visual Studio Version 17
VisualStudioVersion = 17.6.33801.468
MinimumVisualStudioVersion = 10.0.40219.1
Project("{9A19103F-16F7-4668-BE54-9A1E7A4F7556}") = "server", "server.csproj", "{76B65440-B74D-4A48-B2EF-BCD16AA91309}"
EndProject
Global
	GlobalSection(SolutionConfigurationPlatforms) = preSolution
		Debug|Any CPU = Debug|Any CPU
		Release|Any CPU = Release|Any CPU
	EndGlobalSection
	GlobalSection(ProjectConfigurationPlatforms) = postSolution
		{76B65440-B74D-4A48-B2EF-BCD16AA91309}.Debug|Any CPU.ActiveCfg = Debug|Any CPU
		{76B65440-B74D-4A48-B2EF-BCD16AA91309}.Debug|Any CPU.Build.0 = Debug|Any CPU
		{76B65440-B74D-4A48-B2EF-BCD16AA91309}.Release|Any CPU.ActiveCfg = Release|Any CPU
		{76B65440-B74D-4A48-B2EF-BCD16AA91309}.Release|Any CPU.Build.0 = Release|Any CPU
	EndGlobalSection
	GlobalSection(SolutionProperties) = preSolution
		HideSolutionNode = FALSE
	EndGlobalSection
	GlobalSection(ExtensibilityGlobals) = postSolution
		SolutionGuid = {1992D4A9-B2B7-4F30-9054-B5989C12667E}
	EndGlobalSection
EndGlobal
